
Microsoft Visual Studio Solution File, Format Version 12.00
# Visual Studio Version 17
VisualStudioVersion = 17.12.35514.174 d17.12
MinimumVisualStudioVersion = 10.0.40219.1
Project("{FAE04EC0-301F-11D3-BF4B-00C04F79EFBC}") = "KMTGuard", "KMTGuard\KMTGuard.csproj", "{AC8A8C7E-C953-46FB-88C2-7CECF3E3F8CA}"
EndProject
Project("{FAE04EC0-301F-11D3-BF4B-00C04F79EFBC}") = "SilkroadSecurityAPI", "SilkroadSecurityAPI\SilkroadSecurityAPI.csproj", "{710E808C-3677-48BC-93E1-752162F64599}"
EndProject
Project("{FAE04EC0-301F-11D3-BF4B-00C04F79EFBC}") = "KMTGuard.AdminDesktop", "..\..\KMTGuard.AdminDesktop\KMTGuard.AdminDesktop.csproj", "{06213FC0-0264-4283-89FA-B1814D2859AC}"
EndProject
Project("{FAE04EC0-301F-11D3-BF4B-00C04F79EFBC}") = "KMTGuard.RuntimeContract", "KMTGuard.RuntimeContract\KMTGuard.RuntimeContract.csproj", "{9C56E68C-F801-4305-97BC-D2795388A945}"
EndProject
Project("{FAE04EC0-301F-11D3-BF4B-00C04F79EFBC}") = "KMTGuard.AgentHost", "KMTGuard.AgentHost\KMTGuard.AgentHost.csproj", "{4152A823-4D52-49AE-9CE7-3B4A532670EE}"
EndProject
Project("{FAE04EC0-301F-11D3-BF4B-00C04F79EFBC}") = "KMTGuard.DownloadHost", "KMTGuard.DownloadHost\KMTGuard.DownloadHost.csproj", "{5851A6DD-8998-41DB-848D-CE1AA7D45FAB}"
EndProject
Project("{FAE04EC0-301F-11D3-BF4B-00C04F79EFBC}") = "KMTGuard.GatewayHost", "KMTGuard.GatewayHost\KMTGuard.GatewayHost.csproj", "{BB4D68AD-BE3E-4122-AF63-6A352F18CFA4}"
EndProject
Project("{FAE04EC0-301F-11D3-BF4B-00C04F79EFBC}") = "KMTGuard.AdminDesktop.RuntimeTests", "..\..\KMTGuard.AdminDesktop.RuntimeTests\KMTGuard.AdminDesktop.RuntimeTests.csproj", "{71D7F6F8-DFF8-4FD5-A5C9-D30285593E15}"
EndProject
Project("{FAE04EC0-301F-11D3-BF4B-00C04F79EFBC}") = "KMTGuard.Licensing", "..\..\KMTGuard.Licensing\KMTGuard.Licensing.csproj", "{9BD43535-78E1-4C7E-885C-16A8027844C8}"
EndProject
Project("{FAE04EC0-301F-11D3-BF4B-00C04F79EFBC}") = "KMTGuard.LicenseServer", "..\..\KMTGuard.LicenseServer\KMTGuard.LicenseServer.csproj", "{6A6F4773-C0B6-411F-99D8-9D0322E39722}"
EndProject
Project("{FAE04EC0-301F-11D3-BF4B-00C04F79EFBC}") = "KMTGuard.LicenseAdmin", "..\..\KMTGuard.LicenseAdmin\KMTGuard.LicenseAdmin.csproj", "{760A0ECB-11B9-48A6-8E28-1F876B9D1DFA}"
EndProject
Project("{FAE04EC0-301F-11D3-BF4B-00C04F79EFBC}") = "KMTGuard.Licensing.IntegrationTests", "..\..\KMTGuard.Licensing.IntegrationTests\KMTGuard.Licensing.IntegrationTests.csproj", "{049E61E0-43EA-4538-92C9-5A70437BEBB4}"
EndProject
Project("{FAE04EC0-301F-11D3-BF4B-00C04F79EFBC}") = "KMTGuard.LicenseKeyTool", "..\..\tools\KMTGuard.LicenseKeyTool\KMTGuard.LicenseKeyTool.csproj", "{3BC32D32-C8E2-4AF6-950F-C2D5DDF62BD1}"
EndProject
Project("{FAE04EC0-301F-11D3-BF4B-00C04F79EFBC}") = "KMTGuard.LicensePackaging.IntegrationTests", "..\..\KMTGuard.LicensePackaging.IntegrationTests\KMTGuard.LicensePackaging.IntegrationTests.csproj", "{69817880-683A-4E7F-946A-5052A93571B9}"
EndProject
Global
	GlobalSection(SolutionConfigurationPlatforms) = preSolution
		Debug|Any CPU = Debug|Any CPU
		Release|Any CPU = Release|Any CPU
	EndGlobalSection
	GlobalSection(ProjectConfigurationPlatforms) = postSolution
		{AC8A8C7E-C953-46FB-88C2-7CECF3E3F8CA}.Debug|Any CPU.ActiveCfg = Debug|Any CPU
		{AC8A8C7E-C953-46FB-88C2-7CECF3E3F8CA}.Debug|Any CPU.Build.0 = Debug|Any CPU
		{AC8A8C7E-C953-46FB-88C2-7CECF3E3F8CA}.Release|Any CPU.ActiveCfg = Release|Any CPU
		{AC8A8C7E-C953-46FB-88C2-7CECF3E3F8CA}.Release|Any CPU.Build.0 = Release|Any CPU
		{710E808C-3677-48BC-93E1-752162F64599}.Debug|Any CPU.ActiveCfg = Debug|Any CPU
		{710E808C-3677-48BC-93E1-752162F64599}.Debug|Any CPU.Build.0 = Debug|Any CPU
		{710E808C-3677-48BC-93E1-752162F64599}.Release|Any CPU.ActiveCfg = Release|Any CPU
		{710E808C-3677-48BC-93E1-752162F64599}.Release|Any CPU.Build.0 = Release|Any CPU
		{06213FC0-0264-4283-89FA-B1814D2859AC}.Debug|Any CPU.ActiveCfg = Debug|Any CPU
		{06213FC0-0264-4283-89FA-B1814D2859AC}.Debug|Any CPU.Build.0 = Debug|Any CPU
		{06213FC0-0264-4283-89FA-B1814D2859AC}.Release|Any CPU.ActiveCfg = Release|Any CPU
		{06213FC0-0264-4283-89FA-B1814D2859AC}.Release|Any CPU.Build.0 = Release|Any CPU
		{9C56E68C-F801-4305-97BC-D2795388A945}.Debug|Any CPU.ActiveCfg = Debug|Any CPU
		{9C56E68C-F801-4305-97BC-D2795388A945}.Debug|Any CPU.Build.0 = Debug|Any CPU
		{9C56E68C-F801-4305-97BC-D2795388A945}.Release|Any CPU.ActiveCfg = Release|Any CPU
		{9C56E68C-F801-4305-97BC-D2795388A945}.Release|Any CPU.Build.0 = Release|Any CPU
		{4152A823-4D52-49AE-9CE7-3B4A532670EE}.Debug|Any CPU.ActiveCfg = Debug|Any CPU
		{4152A823-4D52-49AE-9CE7-3B4A532670EE}.Debug|Any CPU.Build.0 = Debug|Any CPU
		{4152A823-4D52-49AE-9CE7-3B4A532670EE}.Release|Any CPU.ActiveCfg = Release|Any CPU
		{4152A823-4D52-49AE-9CE7-3B4A532670EE}.Release|Any CPU.Build.0 = Release|Any CPU
		{5851A6DD-8998-41DB-848D-CE1AA7D45FAB}.Debug|Any CPU.ActiveCfg = Debug|Any CPU
		{5851A6DD-8998-41DB-848D-CE1AA7D45FAB}.Debug|Any CPU.Build.0 = Debug|Any CPU
		{5851A6DD-8998-41DB-848D-CE1AA7D45FAB}.Release|Any CPU.ActiveCfg = Release|Any CPU
		{5851A6DD-8998-41DB-848D-CE1AA7D45FAB}.Release|Any CPU.Build.0 = Release|Any CPU
		{BB4D68AD-BE3E-4122-AF63-6A352F18CFA4}.Debug|Any CPU.ActiveCfg = Debug|Any CPU
		{BB4D68AD-BE3E-4122-AF63-6A352F18CFA4}.Debug|Any CPU.Build.0 = Debug|Any CPU
		{BB4D68AD-BE3E-4122-AF63-6A352F18CFA4}.Release|Any CPU.ActiveCfg = Release|Any CPU
		{BB4D68AD-BE3E-4122-AF63-6A352F18CFA4}.Release|Any CPU.Build.0 = Release|Any CPU
		{71D7F6F8-DFF8-4FD5-A5C9-D30285593E15}.Debug|Any CPU.ActiveCfg = Debug|Any CPU
		{71D7F6F8-DFF8-4FD5-A5C9-D30285593E15}.Debug|Any CPU.Build.0 = Debug|Any CPU
		{71D7F6F8-DFF8-4FD5-A5C9-D30285593E15}.Release|Any CPU.ActiveCfg = Release|Any CPU
		{71D7F6F8-DFF8-4FD5-A5C9-D30285593E15}.Release|Any CPU.Build.0 = Release|Any CPU
		{9BD43535-78E1-4C7E-885C-16A8027844C8}.Debug|Any CPU.ActiveCfg = Debug|Any CPU
		{9BD43535-78E1-4C7E-885C-16A8027844C8}.Debug|Any CPU.Build.0 = Debug|Any CPU
		{9BD43535-78E1-4C7E-885C-16A8027844C8}.Release|Any CPU.ActiveCfg = Release|Any CPU
		{9BD43535-78E1-4C7E-885C-16A8027844C8}.Release|Any CPU.Build.0 = Release|Any CPU
		{6A6F4773-C0B6-411F-99D8-9D0322E39722}.Debug|Any CPU.ActiveCfg = Debug|Any CPU
		{6A6F4773-C0B6-411F-99D8-9D0322E39722}.Debug|Any CPU.Build.0 = Debug|Any CPU
		{6A6F4773-C0B6-411F-99D8-9D0322E39722}.Release|Any CPU.ActiveCfg = Release|Any CPU
		{6A6F4773-C0B6-411F-99D8-9D0322E39722}.Release|Any CPU.Build.0 = Release|Any CPU
		{760A0ECB-11B9-48A6-8E28-1F876B9D1DFA}.Debug|Any CPU.ActiveCfg = Debug|Any CPU
		{760A0ECB-11B9-48A6-8E28-1F876B9D1DFA}.Debug|Any CPU.Build.0 = Debug|Any CPU
		{760A0ECB-11B9-48A6-8E28-1F876B9D1DFA}.Release|Any CPU.ActiveCfg = Release|Any CPU
		{760A0ECB-11B9-48A6-8E28-1F876B9D1DFA}.Release|Any CPU.Build.0 = Release|Any CPU
		{049E61E0-43EA-4538-92C9-5A70437BEBB4}.Debug|Any CPU.ActiveCfg = Debug|Any CPU
		{049E61E0-43EA-4538-92C9-5A70437BEBB4}.Debug|Any CPU.Build.0 = Debug|Any CPU
		{049E61E0-43EA-4538-92C9-5A70437BEBB4}.Release|Any CPU.ActiveCfg = Release|Any CPU
		{049E61E0-43EA-4538-92C9-5A70437BEBB4}.Release|Any CPU.Build.0 = Release|Any CPU
		{3BC32D32-C8E2-4AF6-950F-C2D5DDF62BD1}.Debug|Any CPU.ActiveCfg = Debug|Any CPU
		{3BC32D32-C8E2-4AF6-950F-C2D5DDF62BD1}.Debug|Any CPU.Build.0 = Debug|Any CPU
		{3BC32D32-C8E2-4AF6-950F-C2D5DDF62BD1}.Release|Any CPU.ActiveCfg = Release|Any CPU
		{3BC32D32-C8E2-4AF6-950F-C2D5DDF62BD1}.Release|Any CPU.Build.0 = Release|Any CPU
		{69817880-683A-4E7F-946A-5052A93571B9}.Debug|Any CPU.ActiveCfg = Debug|Any CPU
		{69817880-683A-4E7F-946A-5052A93571B9}.Debug|Any CPU.Build.0 = Debug|Any CPU
		{69817880-683A-4E7F-946A-5052A93571B9}.Release|Any CPU.ActiveCfg = Release|Any CPU
		{69817880-683A-4E7F-946A-5052A93571B9}.Release|Any CPU.Build.0 = Release|Any CPU
	EndGlobalSection
	GlobalSection(SolutionProperties) = preSolution
		HideSolutionNode = FALSE
	EndGlobalSection
EndGlobal
